
Microsoft Visual Studio Solution File, Format Version 12.00
# Visual Studio Version 17
VisualStudioVersion = 17.6.33723.286
MinimumVisualStudioVersion = 10.0.40219.1
Project("{FAE04EC0-301F-11D3-BF4B-00C04F79EFBC}") = "RentalCar", "RentalCar\RentalCar.csproj", "{4882B74F-3D85-440B-B770-FB840EDDA344}"
EndProject
Global
	GlobalSection(SolutionConfigurationPlatforms) = preSolution
		Debug|Any CPU = Debug|Any CPU
		Release|Any CPU = Release|Any CPU
	EndGlobalSection
	GlobalSection(ProjectConfigurationPlatforms) = postSolution
		{4882B74F-3D85-440B-B770-FB840EDDA344}.Debug|Any CPU.ActiveCfg = Debug|Any CPU
		{4882B74F-3D85-440B-B770-FB840EDDA344}.Debug|Any CPU.Build.0 = Debug|Any CPU
		{4882B74F-3D85-440B-B770-FB840EDDA344}.Release|Any CPU.ActiveCfg = Release|Any CPU
		{4882B74F-3D85-440B-B770-FB840EDDA344}.Release|Any CPU.Build.0 = Release|Any CPU
	EndGlobalSection
	GlobalSection(SolutionProperties) = preSolution
		HideSolutionNode = FALSE
	EndGlobalSection
	GlobalSection(ExtensibilityGlobals) = postSolution
		SolutionGuid = {EDE13261-E017-4E22-A951-D081AA0BC3F4}
	EndGlobalSection
EndGlobal
